
Microsoft Visual Studio Solution File, Format Version 12.00
# Visual Studio Version 17
VisualStudioVersion = 17.0.32112.339
MinimumVisualStudioVersion = 10.0.40219.1
Project("{9A19103F-16F7-4668-BE54-9A1E7A4F7556}") = "Demo.PL", "Demo.PL\Demo.PL.csproj", "{2D02470A-A07C-4F2D-91A6-D06F77774AE0}"
EndProject
Project("{9A19103F-16F7-4668-BE54-9A1E7A4F7556}") = "Demo.DAL", "Demo.DAL\Demo.DAL.csproj", "{3EBD6D81-C57E-44D6-AAD8-80813D8153D7}"
EndProject
Project("{9A19103F-16F7-4668-BE54-9A1E7A4F7556}") = "Demo.BL", "Demo.BL\Demo.BL.csproj", "{60C23098-CDB3-4BDF-B776-78F234F24A8E}"
EndProject
Project("{FAE04EC0-301F-11D3-BF4B-00C04F79EFBC}") = "Demo.API", "Demo.API\Demo.API.csproj", "{D7A7701A-E602-4F3D-963B-09101B8DA4C4}"
EndProject
Global
	GlobalSection(SolutionConfigurationPlatforms) = preSolution
		Debug|Any CPU = Debug|Any CPU
		Release|Any CPU = Release|Any CPU
	EndGlobalSection
	GlobalSection(ProjectConfigurationPlatforms) = postSolution
		{2D02470A-A07C-4F2D-91A6-D06F77774AE0}.Debug|Any CPU.ActiveCfg = Debug|Any CPU
		{2D02470A-A07C-4F2D-91A6-D06F77774AE0}.Debug|Any CPU.Build.0 = Debug|Any CPU
		{2D02470A-A07C-4F2D-91A6-D06F77774AE0}.Release|Any CPU.ActiveCfg = Release|Any CPU
		{2D02470A-A07C-4F2D-91A6-D06F77774AE0}.Release|Any CPU.Build.0 = Release|Any CPU
		{3EBD6D81-C57E-44D6-AAD8-80813D8153D7}.Debug|Any CPU.ActiveCfg = Debug|Any CPU
		{3EBD6D81-C57E-44D6-AAD8-80813D8153D7}.Debug|Any CPU.Build.0 = Debug|Any CPU
		{3EBD6D81-C57E-44D6-AAD8-80813D8153D7}.Release|Any CPU.ActiveCfg = Release|Any CPU
		{3EBD6D81-C57E-44D6-AAD8-80813D8153D7}.Release|Any CPU.Build.0 = Release|Any CPU
		{60C23098-CDB3-4BDF-B776-78F234F24A8E}.Debug|Any CPU.ActiveCfg = Debug|Any CPU
		{60C23098-CDB3-4BDF-B776-78F234F24A8E}.Debug|Any CPU.Build.0 = Debug|Any CPU
		{60C23098-CDB3-4BDF-B776-78F234F24A8E}.Release|Any CPU.ActiveCfg = Release|Any CPU
		{60C23098-CDB3-4BDF-B776-78F234F24A8E}.Release|Any CPU.Build.0 = Release|Any CPU
		{D7A7701A-E602-4F3D-963B-09101B8DA4C4}.Debug|Any CPU.ActiveCfg = Debug|Any CPU
		{D7A7701A-E602-4F3D-963B-09101B8DA4C4}.Debug|Any CPU.Build.0 = Debug|Any CPU
		{D7A7701A-E602-4F3D-963B-09101B8DA4C4}.Release|Any CPU.ActiveCfg = Release|Any CPU
		{D7A7701A-E602-4F3D-963B-09101B8DA4C4}.Release|Any CPU.Build.0 = Release|Any CPU
	EndGlobalSection
	GlobalSection(SolutionProperties) = preSolution
		HideSolutionNode = FALSE
	EndGlobalSection
	GlobalSection(ExtensibilityGlobals) = postSolution
		SolutionGuid = {87F1BDFF-C757-440F-B5C2-522305E285E3}
	EndGlobalSection
EndGlobal
